
Microsoft Visual Studio Solution File, Format Version 12.00
# Visual Studio Version 17
VisualStudioVersion = 17.0.31903.59
MinimumVisualStudioVersion = 10.0.40219.1
Project("{FAE04EC0-301F-11D3-BF4B-00C04F79EFBC}") = "Delivery.Api", "Delivery.Api\Delivery.Api.csproj", "{FF6EFE59-1804-40D3-B1CA-55887C68B085}"
EndProject
Project("{FAE04EC0-301F-11D3-BF4B-00C04F79EFBC}") = "Delivery.Tests", "Delivery.Tests\Delivery.Tests.csproj", "{E1174124-AA6A-4FDE-AE55-D5562797C5A8}"
EndProject
Project("{FAE04EC0-301F-11D3-BF4B-00C04F79EFBC}") = "Delivery.GRPC", "Delivery.GRPC\Delivery.GRPC.csproj", "{AF2F52D9-8BF9-420A-A066-0D8ECFF26830}"
EndProject
Project("{FAE04EC0-301F-11D3-BF4B-00C04F79EFBC}") = "Delivery.Data", "Delivery.Data\Delivery.Data.csproj", "{5F7F8BAC-A529-412D-9766-6C5F26DCFDEA}"
EndProject
Global
	GlobalSection(SolutionConfigurationPlatforms) = preSolution
		Debug|Any CPU = Debug|Any CPU
		Debug|x64 = Debug|x64
		Debug|x86 = Debug|x86
		Release|Any CPU = Release|Any CPU
		Release|x64 = Release|x64
		Release|x86 = Release|x86
	EndGlobalSection
	GlobalSection(ProjectConfigurationPlatforms) = postSolution
		{FF6EFE59-1804-40D3-B1CA-55887C68B085}.Debug|Any CPU.ActiveCfg = Debug|Any CPU
		{FF6EFE59-1804-40D3-B1CA-55887C68B085}.Debug|Any CPU.Build.0 = Debug|Any CPU
		{FF6EFE59-1804-40D3-B1CA-55887C68B085}.Debug|x64.ActiveCfg = Debug|Any CPU
		{FF6EFE59-1804-40D3-B1CA-55887C68B085}.Debug|x64.Build.0 = Debug|Any CPU
		{FF6EFE59-1804-40D3-B1CA-55887C68B085}.Debug|x86.ActiveCfg = Debug|Any CPU
		{FF6EFE59-1804-40D3-B1CA-55887C68B085}.Debug|x86.Build.0 = Debug|Any CPU
		{FF6EFE59-1804-40D3-B1CA-55887C68B085}.Release|Any CPU.ActiveCfg = Release|Any CPU
		{FF6EFE59-1804-40D3-B1CA-55887C68B085}.Release|Any CPU.Build.0 = Release|Any CPU
		{FF6EFE59-1804-40D3-B1CA-55887C68B085}.Release|x64.ActiveCfg = Release|Any CPU
		{FF6EFE59-1804-40D3-B1CA-55887C68B085}.Release|x64.Build.0 = Release|Any CPU
		{FF6EFE59-1804-40D3-B1CA-55887C68B085}.Release|x86.ActiveCfg = Release|Any CPU
		{FF6EFE59-1804-40D3-B1CA-55887C68B085}.Release|x86.Build.0 = Release|Any CPU
		{E1174124-AA6A-4FDE-AE55-D5562797C5A8}.Debug|Any CPU.ActiveCfg = Debug|Any CPU
		{E1174124-AA6A-4FDE-AE55-D5562797C5A8}.Debug|Any CPU.Build.0 = Debug|Any CPU
		{E1174124-AA6A-4FDE-AE55-D5562797C5A8}.Debug|x64.ActiveCfg = Debug|Any CPU
		{E1174124-AA6A-4FDE-AE55-D5562797C5A8}.Debug|x64.Build.0 = Debug|Any CPU
		{E1174124-AA6A-4FDE-AE55-D5562797C5A8}.Debug|x86.ActiveCfg = Debug|Any CPU
		{E1174124-AA6A-4FDE-AE55-D5562797C5A8}.Debug|x86.Build.0 = Debug|Any CPU
		{E1174124-AA6A-4FDE-AE55-D5562797C5A8}.Release|Any CPU.ActiveCfg = Release|Any CPU
		{E1174124-AA6A-4FDE-AE55-D5562797C5A8}.Release|Any CPU.Build.0 = Release|Any CPU
		{E1174124-AA6A-4FDE-AE55-D5562797C5A8}.Release|x64.ActiveCfg = Release|Any CPU
		{E1174124-AA6A-4FDE-AE55-D5562797C5A8}.Release|x64.Build.0 = Release|Any CPU
		{E1174124-AA6A-4FDE-AE55-D5562797C5A8}.Release|x86.ActiveCfg = Release|Any CPU
		{E1174124-AA6A-4FDE-AE55-D5562797C5A8}.Release|x86.Build.0 = Release|Any CPU
		{AF2F52D9-8BF9-420A-A066-0D8ECFF26830}.Debug|Any CPU.ActiveCfg = Debug|Any CPU
		{AF2F52D9-8BF9-420A-A066-0D8ECFF26830}.Debug|Any CPU.Build.0 = Debug|Any CPU
		{AF2F52D9-8BF9-420A-A066-0D8ECFF26830}.Debug|x64.ActiveCfg = Debug|Any CPU
		{AF2F52D9-8BF9-420A-A066-0D8ECFF26830}.Debug|x64.Build.0 = Debug|Any CPU
		{AF2F52D9-8BF9-420A-A066-0D8ECFF26830}.Debug|x86.ActiveCfg = Debug|Any CPU
		{AF2F52D9-8BF9-420A-A066-0D8ECFF26830}.Debug|x86.Build.0 = Debug|Any CPU
		{AF2F52D9-8BF9-420A-A066-0D8ECFF26830}.Release|Any CPU.ActiveCfg = Release|Any CPU
		{AF2F52D9-8BF9-420A-A066-0D8ECFF26830}.Release|Any CPU.Build.0 = Release|Any CPU
		{AF2F52D9-8BF9-420A-A066-0D8ECFF26830}.Release|x64.ActiveCfg = Release|Any CPU
		{AF2F52D9-8BF9-420A-A066-0D8ECFF26830}.Release|x64.Build.0 = Release|Any CPU
		{AF2F52D9-8BF9-420A-A066-0D8ECFF26830}.Release|x86.ActiveCfg = Release|Any CPU
		{AF2F52D9-8BF9-420A-A066-0D8ECFF26830}.Release|x86.Build.0 = Release|Any CPU
		{5F7F8BAC-A529-412D-9766-6C5F26DCFDEA}.Debug|Any CPU.ActiveCfg = Debug|Any CPU
		{5F7F8BAC-A529-412D-9766-6C5F26DCFDEA}.Debug|Any CPU.Build.0 = Debug|Any CPU
		{5F7F8BAC-A529-412D-9766-6C5F26DCFDEA}.Debug|x64.ActiveCfg = Debug|Any CPU
		{5F7F8BAC-A529-412D-9766-6C5F26DCFDEA}.Debug|x64.Build.0 = Debug|Any CPU
		{5F7F8BAC-A529-412D-9766-6C5F26DCFDEA}.Debug|x86.ActiveCfg = Debug|Any CPU
		{5F7F8BAC-A529-412D-9766-6C5F26DCFDEA}.Debug|x86.Build.0 = Debug|Any CPU
		{5F7F8BAC-A529-412D-9766-6C5F26DCFDEA}.Release|Any CPU.ActiveCfg = Release|Any CPU
		{5F7F8BAC-A529-412D-9766-6C5F26DCFDEA}.Release|Any CPU.Build.0 = Release|Any CPU
		{5F7F8BAC-A529-412D-9766-6C5F26DCFDEA}.Release|x64.ActiveCfg = Release|Any CPU
		{5F7F8BAC-A529-412D-9766-6C5F26DCFDEA}.Release|x64.Build.0 = Release|Any CPU
		{5F7F8BAC-A529-412D-9766-6C5F26DCFDEA}.Release|x86.ActiveCfg = Release|Any CPU
		{5F7F8BAC-A529-412D-9766-6C5F26DCFDEA}.Release|x86.Build.0 = Release|Any CPU
	EndGlobalSection
	GlobalSection(SolutionProperties) = preSolution
		HideSolutionNode = FALSE
	EndGlobalSection
EndGlobal
